<Solution>
  <Folder Name="/samples/">
    <Project Path="samples/Umbraco.VercelAnalytics.Example/Umbraco.VercelAnalytics.Example.csproj" />
  </Folder>
  <Folder Name="/src/">
    <Project Path="src/Umbraco.VercelAnalytics/Umbraco.VercelAnalytics.csproj" />
  </Folder>
  <Folder Name="/tests/">
    <Project Path="tests/Umbraco.VercelAnalytics.Tests/Umbraco.VercelAnalytics.Tests.csproj" />
  </Folder>
</Solution>
